<?xml version="1.0" encoding="utf-8"?>
<Project ToolsVersion="4.0" xmlns="http://schemas.microsoft.com/developer/msbuild/2003">
  <ItemGroup>
    <Filter Include="Main">
      <UniqueIdentifier>{3bcdf48f-8636-40fe-9268-8e69f62bb0c4}</UniqueIdentifier>
    </Filter>
    <Filter Include="Utils">
      <UniqueIdentifier>{8445cf08-0757-4484-b82e-48b97be6a364}</UniqueIdentifier>
    </Filter>
    <Filter Include="3rd Party">
      <UniqueIdentifier>{2e71ab1d-8894-4486-b1a2-83d66fbe9325}</UniqueIdentifier>
    </Filter>
    <Filter Include="3rd Party\MathGeoLib">
      <UniqueIdentifier>{74917fbf-17a8-4d69-80ce-9769f454d1ad}</UniqueIdentifier>
    </Filter>
    <Filter Include="Modules">
      <UniqueIdentifier>{e8709ceb-1bb1-43f2-bb83-4dde5e05fe52}</UniqueIdentifier>
    </Filter>
    <Filter Include="Modules\Core">
      <UniqueIdentifier>{366a0d2b-fa5f-47ab-a0d9-0be326f506b7}</UniqueIdentifier>
    </Filter>
    <Filter Include="Modules\RayTracing">
      <UniqueIdentifier>{2c1d8bd8-d159-4996-8d48-0a72a5ef7f19}</UniqueIdentifier>
    </Filter>
    <Filter Include="Entities">
      <UniqueIdentifier>{1e739ffd-6466-4f86-9ba8-a1747b95c382}</UniqueIdentifier>
    </Filter>
    <Filter Include="Containers">
      <UniqueIdentifier>{a5c0d564-782a-44dd-928e-661806fa682b}</UniqueIdentifier>
    </Filter>
    <Filter Include="3rd Party\parson">
      <UniqueIdentifier>{7ffb912a-cce8-4c31-b69a-5f0974495a25}</UniqueIdentifier>
    </Filter>
    <Filter Include="Entities\Materials">
      <UniqueIdentifier>{0798468b-0a4e-4b68-bbed-6be77eac1424}</UniqueIdentifier>
    </Filter>
    <Filter Include="Utils\Math">
      <UniqueIdentifier>{45e35a76-a938-4f96-a95a-fca128263ced}</UniqueIdentifier>
    </Filter>
    <Filter Include="Entities\Shapes">
      <UniqueIdentifier>{8244ca5a-9b2d-4301-9aa8-4582312d9515}</UniqueIdentifier>
    </Filter>
    <Filter Include="Entities\Textures">
      <UniqueIdentifier>{a446ef55-eb64-4c0c-a4a3-13da23bc0fa3}</UniqueIdentifier>
    </Filter>
  </ItemGroup>
  <ItemGroup>
    <ClCompile Include="Main.cpp">
      <Filter>Main</Filter>
    </ClCompile>
    <ClCompile Include="Log.cpp">
      <Filter>Utils</Filter>
    </ClCompile>
    <ClCompile Include="Application.cpp">
      <Filter>Main</Filter>
    </ClCompile>
    <ClCompile Include="ModuleInput.cpp">
      <Filter>Modules\Core</Filter>
    </ClCompile>
    <ClCompile Include="ModuleRender.cpp">
      <Filter>Modules\Core</Filter>
    </ClCompile>
    <ClCompile Include="ModuleWindow.cpp">
      <Filter>Modules\Core</Filter>
    </ClCompile>
    <ClCompile Include="ModuleRayTracing.cpp">
      <Filter>Modules\RayTracing</Filter>
    </ClCompile>
    <ClCompile Include="ModuleCamera.cpp">
      <Filter>Modules\RayTracing</Filter>
    </ClCompile>
    <ClCompile Include="ModuleEntities.cpp">
      <Filter>Modules\RayTracing</Filter>
    </ClCompile>
    <ClCompile Include="Entity.cpp">
      <Filter>Entities</Filter>
    </ClCompile>
    <ClCompile Include="Color.cpp">
      <Filter>Containers</Filter>
    </ClCompile>
    <ClCompile Include="parson\parson.c">
      <Filter>3rd Party\parson</Filter>
    </ClCompile>
    <ClCompile Include="Config.cpp">
      <Filter>Utils</Filter>
    </ClCompile>
    <ClCompile Include="ParseUtils.cpp">
      <Filter>Utils</Filter>
    </ClCompile>
    <ClCompile Include="ModuleMaterials.cpp">
      <Filter>Modules\RayTracing</Filter>
    </ClCompile>
    <ClCompile Include="Diffuse.cpp">
      <Filter>Entities\Materials</Filter>
    </ClCompile>
    <ClCompile Include="Metal.cpp">
      <Filter>Entities\Materials</Filter>
    </ClCompile>
    <ClCompile Include="Dielectric.cpp">
      <Filter>Entities\Materials</Filter>
    </ClCompile>
    <ClCompile Include="MathUtils.cpp">
      <Filter>Utils\Math</Filter>
    </ClCompile>
    <ClCompile Include="Vector3.cpp">
      <Filter>Utils\Math</Filter>
    </ClCompile>
    <ClCompile Include="Sphere.cpp">
      <Filter>Entities\Shapes</Filter>
    </ClCompile>
    <ClCompile Include="Shape.cpp">
      <Filter>Entities\Shapes</Filter>
    </ClCompile>
    <ClCompile Include="Material.cpp">
      <Filter>Entities\Materials</Filter>
    </ClCompile>
    <ClCompile Include="AABB.cpp">
      <Filter>Utils\Math</Filter>
    </ClCompile>
    <ClCompile Include="BvhNode.cpp">
      <Filter>Containers</Filter>
    </ClCompile>
    <ClCompile Include="Texture.cpp">
      <Filter>Entities\Textures</Filter>
    </ClCompile>
    <ClCompile Include="CheckerTexture.cpp">
      <Filter>Entities\Textures</Filter>
    </ClCompile>
  </ItemGroup>
  <ItemGroup>
    <ClInclude Include="Globals.h">
      <Filter>Utils</Filter>
    </ClInclude>
    <ClInclude Include="Module.h">
      <Filter>Main</Filter>
    </ClInclude>
    <ClInclude Include="Application.h">
      <Filter>Main</Filter>
    </ClInclude>
    <ClInclude Include="MathGeoLib\include\MathBuildConfig.h">
      <Filter>3rd Party\MathGeoLib</Filter>
    </ClInclude>
    <ClInclude Include="MathGeoLib\include\MathGeoLib.h">
      <Filter>3rd Party\MathGeoLib</Filter>
    </ClInclude>
    <ClInclude Include="ModuleInput.h">
      <Filter>Modules\Core</Filter>
    </ClInclude>
    <ClInclude Include="ModuleRender.h">
      <Filter>Modules\Core</Filter>
    </ClInclude>
    <ClInclude Include="ModuleWindow.h">
      <Filter>Modules\Core</Filter>
    </ClInclude>
    <ClInclude Include="ModuleRayTracing.h">
      <Filter>Modules\RayTracing</Filter>
    </ClInclude>
    <ClInclude Include="ModuleCamera.h">
      <Filter>Modules\RayTracing</Filter>
    </ClInclude>
    <ClInclude Include="ModuleEntities.h">
      <Filter>Modules\RayTracing</Filter>
    </ClInclude>
    <ClInclude Include="Entity.h">
      <Filter>Entities</Filter>
    </ClInclude>
    <ClInclude Include="Color.h">
      <Filter>Containers</Filter>
    </ClInclude>
    <ClInclude Include="HitInfo.h">
      <Filter>Containers</Filter>
    </ClInclude>
    <ClInclude Include="Timer.h">
      <Filter>Utils</Filter>
    </ClInclude>
    <ClInclude Include="parson\parson.h">
      <Filter>3rd Party\parson</Filter>
    </ClInclude>
    <ClInclude Include="Config.h">
      <Filter>Utils</Filter>
    </ClInclude>
    <ClInclude Include="ParseUtils.h">
      <Filter>Utils</Filter>
    </ClInclude>
    <ClInclude Include="EntityData.h">
      <Filter>Containers</Filter>
    </ClInclude>
    <ClInclude Include="ModuleMaterials.h">
      <Filter>Modules\RayTracing</Filter>
    </ClInclude>
    <ClInclude Include="Material.h">
      <Filter>Entities\Materials</Filter>
    </ClInclude>
    <ClInclude Include="Diffuse.h">
      <Filter>Entities\Materials</Filter>
    </ClInclude>
    <ClInclude Include="MaterialData.h">
      <Filter>Containers</Filter>
    </ClInclude>
    <ClInclude Include="ScatterInfo.h">
      <Filter>Containers</Filter>
    </ClInclude>
    <ClInclude Include="Metal.h">
      <Filter>Entities\Materials</Filter>
    </ClInclude>
    <ClInclude Include="Dielectric.h">
      <Filter>Entities\Materials</Filter>
    </ClInclude>
    <ClInclude Include="Math.h">
      <Filter>Utils\Math</Filter>
    </ClInclude>
    <ClInclude Include="MathUtils.h">
      <Filter>Utils\Math</Filter>
    </ClInclude>
    <ClInclude Include="Ray.h">
      <Filter>Utils\Math</Filter>
    </ClInclude>
    <ClInclude Include="Vector3.h">
      <Filter>Utils\Math</Filter>
    </ClInclude>
    <ClInclude Include="ShapeData.h">
      <Filter>Containers</Filter>
    </ClInclude>
    <ClInclude Include="Shape.h">
      <Filter>Entities\Shapes</Filter>
    </ClInclude>
    <ClInclude Include="Sphere.h">
      <Filter>Entities\Shapes</Filter>
    </ClInclude>
    <ClInclude Include="AABB.h">
      <Filter>Utils\Math</Filter>
    </ClInclude>
    <ClInclude Include="BvhNode.h">
      <Filter>Containers</Filter>
    </ClInclude>
    <ClInclude Include="Texture.h">
      <Filter>Entities\Textures</Filter>
    </ClInclude>
    <ClInclude Include="ColorTexture.h">
      <Filter>Entities\Textures</Filter>
    </ClInclude>
    <ClInclude Include="TextureData.h">
      <Filter>Containers</Filter>
    </ClInclude>
    <ClInclude Include="CheckerTexture.h">
      <Filter>Entities\Textures</Filter>
    </ClInclude>
  </ItemGroup>
</Project>